
Microsoft Visual Studio Solution File, Format Version 12.00
# Visual Studio Version 17
VisualStudioVersion = 17.6.33723.286
MinimumVisualStudioVersion = 10.0.40219.1
Project("{FAE04EC0-301F-11D3-BF4B-00C04F79EFBC}") = "ValueVsReferance", "ValueVsReferance\ValueVsReferance.csproj", "{371D5C1A-EC81-4933-8979-A34F3779E28E}"
EndProject
Global
	GlobalSection(SolutionConfigurationPlatforms) = preSolution
		Debug|Any CPU = Debug|Any CPU
		Release|Any CPU = Release|Any CPU
	EndGlobalSection
	GlobalSection(ProjectConfigurationPlatforms) = postSolution
		{371D5C1A-EC81-4933-8979-A34F3779E28E}.Debug|Any CPU.ActiveCfg = Debug|Any CPU
		{371D5C1A-EC81-4933-8979-A34F3779E28E}.Debug|Any CPU.Build.0 = Debug|Any CPU
		{371D5C1A-EC81-4933-8979-A34F3779E28E}.Release|Any CPU.ActiveCfg = Release|Any CPU
		{371D5C1A-EC81-4933-8979-A34F3779E28E}.Release|Any CPU.Build.0 = Release|Any CPU
	EndGlobalSection
	GlobalSection(SolutionProperties) = preSolution
		HideSolutionNode = FALSE
	EndGlobalSection
	GlobalSection(ExtensibilityGlobals) = postSolution
		SolutionGuid = {C93C7DCA-EBFD-4770-9550-73FF957C0D76}
	EndGlobalSection
EndGlobal
